
Microsoft Visual Studio Solution File, Format Version 12.00
# Visual Studio Version 16
VisualStudioVersion = 25.0.1700.0
MinimumVisualStudioVersion = 10.0.40219.1
Project("{FAE04EC0-301F-11D3-BF4B-00C04F79EFBC}") = "OnlinePayment", "OnlinePayment\OnlinePayment.csproj", "{55348785-8B1F-45A5-A30F-E594D0CD207C}"
EndProject
Global
	GlobalSection(SolutionConfigurationPlatforms) = preSolution
		Debug|Any CPU = Debug|Any CPU
		Release|Any CPU = Release|Any CPU
	EndGlobalSection
	GlobalSection(ProjectConfigurationPlatforms) = postSolution
		{55348785-8B1F-45A5-A30F-E594D0CD207C}.Debug|Any CPU.ActiveCfg = Debug|Any CPU
		{55348785-8B1F-45A5-A30F-E594D0CD207C}.Debug|Any CPU.Build.0 = Debug|Any CPU
		{55348785-8B1F-45A5-A30F-E594D0CD207C}.Release|Any CPU.ActiveCfg = Release|Any CPU
		{55348785-8B1F-45A5-A30F-E594D0CD207C}.Release|Any CPU.Build.0 = Release|Any CPU
	EndGlobalSection
	GlobalSection(SolutionProperties) = preSolution
		HideSolutionNode = FALSE
	EndGlobalSection
	GlobalSection(ExtensibilityGlobals) = postSolution
		SolutionGuid = {F2ACE854-80B1-4BD4-92DE-1BDC1894AE4D}
	EndGlobalSection
EndGlobal
